// !$*UTF8*$!
{
	archiveVersion = 1;
	classes = {
	};
	objectVersion = 63;
	objects = {

/* Begin PBXBuildFile section */
		7F6D9A392BE0D3E800159A02 /* HellthApp.swift in Sources */ = {isa = PBXBuildFile; fileRef = 7F6D9A382BE0D3E800159A02 /* HellthApp.swift */; };
		7F6D9A3B2BE0D3E800159A02 /* ContentView.swift in Sources */ = {isa = PBXBuildFile; fileRef = 7F6D9A3A2BE0D3E800159A02 /* ContentView.swift */; };
		7F6D9A3D2BE0D3EA00159A02 /* Assets.xcassets in Resources */ = {isa = PBXBuildFile; fileRef = 7F6D9A3C2BE0D3EA00159A02 /* Assets.xcassets */; };
		7F6D9A402BE0D3EA00159A02 /* Preview Assets.xcassets in Resources */ = {isa = PBXBuildFile; fileRef = 7F6D9A3F2BE0D3EA00159A02 /* Preview Assets.xcassets */; };
		7FCC46CF2BE0F1C1005A2DAB /* HomeView.swift in Sources */ = {isa = PBXBuildFile; fileRef = 7FCC46CE2BE0F1C1005A2DAB /* HomeView.swift */; };
		7FCC46F62BE1FAEB005A2DAB /* LoginView.swift in Sources */ = {isa = PBXBuildFile; fileRef = 7FCC46F52BE1FAEB005A2DAB /* LoginView.swift */; };
		7FCC46FA2BE20E28005A2DAB /* CalorieNutrientView.swift in Sources */ = {isa = PBXBuildFile; fileRef = 7FCC46F92BE20E28005A2DAB /* CalorieNutrientView.swift */; };
		7FCC46FC2BE21CB2005A2DAB /* AddCalorieView.swift in Sources */ = {isa = PBXBuildFile; fileRef = 7FCC46FB2BE21CB2005A2DAB /* AddCalorieView.swift */; };
		7FCC46FE2BE22B77005A2DAB /* CalorieCircleView.swift in Sources */ = {isa = PBXBuildFile; fileRef = 7FCC46FD2BE22B77005A2DAB /* CalorieCircleView.swift */; };
		7FCC47082BE31928005A2DAB /* Extensions.swift in Sources */ = {isa = PBXBuildFile; fileRef = 7FCC47072BE31928005A2DAB /* Extensions.swift */; };
		7FCC470A2BE322BE005A2DAB /* Model.swift in Sources */ = {isa = PBXBuildFile; fileRef = 7FCC47092BE322BE005A2DAB /* Model.swift */; };
		7FCC470C2BE32345005A2DAB /* FoodRow.swift in Sources */ = {isa = PBXBuildFile; fileRef = 7FCC470B2BE32345005A2DAB /* FoodRow.swift */; };
		7FCC470E2BE3247B005A2DAB /* FoodList.swift in Sources */ = {isa = PBXBuildFile; fileRef = 7FCC470D2BE3247B005A2DAB /* FoodList.swift */; };
/* End PBXBuildFile section */

/* Begin PBXFileReference section */
		7F6D9A352BE0D3E800159A02 /* Hellth.app */ = {isa = PBXFileReference; explicitFileType = wrapper.application; includeInIndex = 0; path = Hellth.app; sourceTree = BUILT_PRODUCTS_DIR; };
		7F6D9A382BE0D3E800159A02 /* HellthApp.swift */ = {isa = PBXFileReference; lastKnownFileType = sourcecode.swift; path = HellthApp.swift; sourceTree = "<group>"; };
		7F6D9A3A2BE0D3E800159A02 /* ContentView.swift */ = {isa = PBXFileReference; lastKnownFileType = sourcecode.swift; path = ContentView.swift; sourceTree = "<group>"; };
		7F6D9A3C2BE0D3EA00159A02 /* Assets.xcassets */ = {isa = PBXFileReference; lastKnownFileType = folder.assetcatalog; path = Assets.xcassets; sourceTree = "<group>"; };
		7F6D9A3F2BE0D3EA00159A02 /* Preview Assets.xcassets */ = {isa = PBXFileReference; lastKnownFileType = folder.assetcatalog; path = "Preview Assets.xcassets"; sourceTree = "<group>"; };
		7FCC46CE2BE0F1C1005A2DAB /* HomeView.swift */ = {isa = PBXFileReference; lastKnownFileType = sourcecode.swift; path = HomeView.swift; sourceTree = "<group>"; };
		7FCC46D42BE0FE96005A2DAB /* Config.xcconfig */ = {isa = PBXFileReference; lastKnownFileType = text.xcconfig; path = Config.xcconfig; sourceTree = "<group>"; };
		7FCC46F52BE1FAEB005A2DAB /* LoginView.swift */ = {isa = PBXFileReference; lastKnownFileType = sourcecode.swift; path = LoginView.swift; sourceTree = "<group>"; };
		7FCC46F92BE20E28005A2DAB /* CalorieNutrientView.swift */ = {isa = PBXFileReference; lastKnownFileType = sourcecode.swift; path = CalorieNutrientView.swift; sourceTree = "<group>"; };
		7FCC46FB2BE21CB2005A2DAB /* AddCalorieView.swift */ = {isa = PBXFileReference; lastKnownFileType = sourcecode.swift; path = AddCalorieView.swift; sourceTree = "<group>"; };
		7FCC46FD2BE22B77005A2DAB /* CalorieCircleView.swift */ = {isa = PBXFileReference; lastKnownFileType = sourcecode.swift; path = CalorieCircleView.swift; sourceTree = "<group>"; };
		7FCC47072BE31928005A2DAB /* Extensions.swift */ = {isa = PBXFileReference; lastKnownFileType = sourcecode.swift; path = Extensions.swift; sourceTree = "<group>"; };
		7FCC47092BE322BE005A2DAB /* Model.swift */ = {isa = PBXFileReference; lastKnownFileType = sourcecode.swift; path = Model.swift; sourceTree = "<group>"; };
		7FCC470B2BE32345005A2DAB /* FoodRow.swift */ = {isa = PBXFileReference; lastKnownFileType = sourcecode.swift; path = FoodRow.swift; sourceTree = "<group>"; };
		7FCC470D2BE3247B005A2DAB /* FoodList.swift */ = {isa = PBXFileReference; lastKnownFileType = sourcecode.swift; path = FoodList.swift; sourceTree = "<group>"; };
/* End PBXFileReference section */

/* Begin PBXFrameworksBuildPhase section */
		7F6D9A322BE0D3E800159A02 /* Frameworks */ = {
			isa = PBXFrameworksBuildPhase;
			buildActionMask = 2147483647;
			files = (
			);
			runOnlyForDeploymentPostprocessing = 0;
		};
/* End PBXFrameworksBuildPhase section */

/* Begin PBXGroup section */
		7F6D9A2C2BE0D3E800159A02 = {
			isa = PBXGroup;
			children = (
				7FCC46D42BE0FE96005A2DAB /* Config.xcconfig */,
				7F6D9A372BE0D3E800159A02 /* Hellth */,
				7F6D9A362BE0D3E800159A02 /* Products */,
			);
			sourceTree = "<group>";
		};
		7F6D9A362BE0D3E800159A02 /* Products */ = {
			isa = PBXGroup;
			children = (
				7F6D9A352BE0D3E800159A02 /* Hellth.app */,
			);
			name = Products;
			sourceTree = "<group>";
		};
		7F6D9A372BE0D3E800159A02 /* Hellth */ = {
			isa = PBXGroup;
			children = (
				7F6D9A382BE0D3E800159A02 /* HellthApp.swift */,
				7F6D9A3A2BE0D3E800159A02 /* ContentView.swift */,
				7FCC46CB2BE0F156005A2DAB /* Home */,
				7F6D9A3C2BE0D3EA00159A02 /* Assets.xcassets */,
				7F6D9A3E2BE0D3EA00159A02 /* Preview Content */,
			);
			path = Hellth;
			sourceTree = "<group>";
		};
		7F6D9A3E2BE0D3EA00159A02 /* Preview Content */ = {
			isa = PBXGroup;
			children = (
				7F6D9A3F2BE0D3EA00159A02 /* Preview Assets.xcassets */,
			);
			path = "Preview Content";
			sourceTree = "<group>";
		};
		7FCC46CB2BE0F156005A2DAB /* Home */ = {
			isa = PBXGroup;
			children = (
				7FCC46CC2BE0F16C005A2DAB /* Views */,
				7FCC46CD2BE0F191005A2DAB /* Features */,
			);
			path = Home;
			sourceTree = "<group>";
		};
		7FCC46CC2BE0F16C005A2DAB /* Views */ = {
			isa = PBXGroup;
			children = (
				7FCC46FB2BE21CB2005A2DAB /* AddCalorieView.swift */,
				7FCC46F92BE20E28005A2DAB /* CalorieNutrientView.swift */,
				7FCC46FD2BE22B77005A2DAB /* CalorieCircleView.swift */,
				7FCC470D2BE3247B005A2DAB /* FoodList.swift */,
				7FCC470B2BE32345005A2DAB /* FoodRow.swift */,
				7FCC46CE2BE0F1C1005A2DAB /* HomeView.swift */,
				7FCC46F52BE1FAEB005A2DAB /* LoginView.swift */,
			);
			path = Views;
			sourceTree = "<group>";
		};
		7FCC46CD2BE0F191005A2DAB /* Features */ = {
			isa = PBXGroup;
			children = (
				7FCC47072BE31928005A2DAB /* Extensions.swift */,
				7FCC47092BE322BE005A2DAB /* Model.swift */,
			);
			path = Features;
			sourceTree = "<group>";
		};
/* End PBXGroup section */

/* Begin PBXNativeTarget section */
		7F6D9A342BE0D3E800159A02 /* Hellth */ = {
			isa = PBXNativeTarget;
			buildConfigurationList = 7F6D9A432BE0D3EA00159A02 /* Build configuration list for PBXNativeTarget "Hellth" */;
			buildPhases = (
				7F6D9A312BE0D3E800159A02 /* Sources */,
				7F6D9A322BE0D3E800159A02 /* Frameworks */,
				7F6D9A332BE0D3E800159A02 /* Resources */,
			);
			buildRules = (
			);
			dependencies = (
			);
			name = Hellth;
			productName = Hellth;
			productReference = 7F6D9A352BE0D3E800159A02 /* Hellth.app */;
			productType = "com.apple.product-type.application";
		};
/* End PBXNativeTarget section */

/* Begin PBXProject section */
		7F6D9A2D2BE0D3E800159A02 /* Project object */ = {
			isa = PBXProject;
			attributes = {
				BuildIndependentTargetsInParallel = 1;
				LastSwiftUpdateCheck = 1530;
				LastUpgradeCheck = 1530;
				TargetAttributes = {
					7F6D9A342BE0D3E800159A02 = {
						CreatedOnToolsVersion = 15.3;
					};
				};
			};
			buildConfigurationList = 7F6D9A302BE0D3E800159A02 /* Build configuration list for PBXProject "Hellth" */;
			compatibilityVersion = "Xcode 15.3";
			developmentRegion = en;
			hasScannedForEncodings = 0;
			knownRegions = (
				en,
				Base,
			);
			mainGroup = 7F6D9A2C2BE0D3E800159A02;
			productRefGroup = 7F6D9A362BE0D3E800159A02 /* Products */;
			projectDirPath = "";
			projectRoot = "";
			targets = (
				7F6D9A342BE0D3E800159A02 /* Hellth */,
			);
		};
/* End PBXProject section */

/* Begin PBXResourcesBuildPhase section */
		7F6D9A332BE0D3E800159A02 /* Resources */ = {
			isa = PBXResourcesBuildPhase;
			buildActionMask = 2147483647;
			files = (
				7F6D9A402BE0D3EA00159A02 /* Preview Assets.xcassets in Resources */,
				7F6D9A3D2BE0D3EA00159A02 /* Assets.xcassets in Resources */,
			);
			runOnlyForDeploymentPostprocessing = 0;
		};
/* End PBXResourcesBuildPhase section */

/* Begin PBXSourcesBuildPhase section */
		7F6D9A312BE0D3E800159A02 /* Sources */ = {
			isa = PBXSourcesBuildPhase;
			buildActionMask = 2147483647;
			files = (
				7FCC46CF2BE0F1C1005A2DAB /* HomeView.swift in Sources */,
				7FCC470A2BE322BE005A2DAB /* Model.swift in Sources */,
				7FCC470C2BE32345005A2DAB /* FoodRow.swift in Sources */,
				7FCC46FC2BE21CB2005A2DAB /* AddCalorieView.swift in Sources */,
				7F6D9A3B2BE0D3E800159A02 /* ContentView.swift in Sources */,
				7FCC46FA2BE20E28005A2DAB /* CalorieNutrientView.swift in Sources */,
				7FCC46F62BE1FAEB005A2DAB /* LoginView.swift in Sources */,
				7FCC46FE2BE22B77005A2DAB /* CalorieCircleView.swift in Sources */,
				7FCC470E2BE3247B005A2DAB /* FoodList.swift in Sources */,
				7FCC47082BE31928005A2DAB /* Extensions.swift in Sources */,
				7F6D9A392BE0D3E800159A02 /* HellthApp.swift in Sources */,
			);
			runOnlyForDeploymentPostprocessing = 0;
		};
/* End PBXSourcesBuildPhase section */

/* Begin XCBuildConfiguration section */
		7F6D9A412BE0D3EA00159A02 /* Debug */ = {
			isa = XCBuildConfiguration;
			baseConfigurationReference = 7FCC46D42BE0FE96005A2DAB /* Config.xcconfig */;
			buildSettings = {
				ALWAYS_SEARCH_USER_PATHS = NO;
				ASSETCATALOG_COMPILER_GENERATE_SWIFT_ASSET_SYMBOL_EXTENSIONS = YES;
				CLANG_ANALYZER_NONNULL = YES;
				CLANG_ANALYZER_NUMBER_OBJECT_CONVERSION = YES_AGGRESSIVE;
				CLANG_CXX_LANGUAGE_STANDARD = "gnu++20";
				CLANG_ENABLE_MODULES = YES;
				CLANG_ENABLE_OBJC_ARC = YES;
				CLANG_ENABLE_OBJC_WEAK = YES;
				CLANG_WARN_BLOCK_CAPTURE_AUTORELEASING = YES;
				CLANG_WARN_BOOL_CONVERSION = YES;
				CLANG_WARN_COMMA = YES;
				CLANG_WARN_CONSTANT_CONVERSION = YES;
				CLANG_WARN_DEPRECATED_OBJC_IMPLEMENTATIONS = YES;
				CLANG_WARN_DIRECT_OBJC_ISA_USAGE = YES_ERROR;
				CLANG_WARN_DOCUMENTATION_COMMENTS = YES;
				CLANG_WARN_EMPTY_BODY = YES;
				CLANG_WARN_ENUM_CONVERSION = YES;
				CLANG_WARN_INFINITE_RECURSION = YES;
				CLANG_WARN_INT_CONVERSION = YES;
				CLANG_WARN_NON_LITERAL_NULL_CONVERSION = YES;
				CLANG_WARN_OBJC_IMPLICIT_RETAIN_SELF = YES;
				CLANG_WARN_OBJC_LITERAL_CONVERSION = YES;
				CLANG_WARN_OBJC_ROOT_CLASS = YES_ERROR;
				CLANG_WARN_QUOTED_INCLUDE_IN_FRAMEWORK_HEADER = YES;
				CLANG_WARN_RANGE_LOOP_ANALYSIS = YES;
				CLANG_WARN_STRICT_PROTOTYPES = YES;
				CLANG_WARN_SUSPICIOUS_MOVE = YES;
				CLANG_WARN_UNGUARDED_AVAILABILITY = YES_AGGRESSIVE;
				CLANG_WARN_UNREACHABLE_CODE = YES;
				CLANG_WARN__DUPLICATE_METHOD_MATCH = YES;
				COPY_PHASE_STRIP = NO;
				DEBUG_INFORMATION_FORMAT = dwarf;
				ENABLE_STRICT_OBJC_MSGSEND = YES;
				ENABLE_TESTABILITY = YES;
				ENABLE_USER_SCRIPT_SANDBOXING = YES;
				GCC_C_LANGUAGE_STANDARD = gnu17;
				GCC_DYNAMIC_NO_PIC = NO;
				GCC_NO_COMMON_BLOCKS = YES;
				GCC_OPTIMIZATION_LEVEL = 0;
				GCC_PREPROCESSOR_DEFINITIONS = (
					"DEBUG=1",
					"$(inherited)",
				);
				GCC_WARN_64_TO_32_BIT_CONVERSION = YES;
				GCC_WARN_ABOUT_RETURN_TYPE = YES_ERROR;
				GCC_WARN_UNDECLARED_SELECTOR = YES;
				GCC_WARN_UNINITIALIZED_AUTOS = YES_AGGRESSIVE;
				GCC_WARN_UNUSED_FUNCTION = YES;
				GCC_WARN_UNUSED_VARIABLE = YES;
				IPHONEOS_DEPLOYMENT_TARGET = 17.4;
				LOCALIZATION_PREFERS_STRING_CATALOGS = YES;
				MTL_ENABLE_DEBUG_INFO = INCLUDE_SOURCE;
				MTL_FAST_MATH = YES;
				ONLY_ACTIVE_ARCH = YES;
				SDKROOT = iphoneos;
				SWIFT_ACTIVE_COMPILATION_CONDITIONS = "DEBUG $(inherited)";
				SWIFT_OPTIMIZATION_LEVEL = "-Onone";
			};
			name = Debug;
		};
		7F6D9A422BE0D3EA00159A02 /* Release */ = {
			isa = XCBuildConfiguration;
			baseConfigurationReference = 7FCC46D42BE0FE96005A2DAB /* Config.xcconfig */;
			buildSettings = {
				ALWAYS_SEARCH_USER_PATHS = NO;
				ASSETCATALOG_COMPILER_GENERATE_SWIFT_ASSET_SYMBOL_EXTENSIONS = YES;
				CLANG_ANALYZER_NONNULL = YES;
				CLANG_ANALYZER_NUMBER_OBJECT_CONVERSION = YES_AGGRESSIVE;
				CLANG_CXX_LANGUAGE_STANDARD = "gnu++20";
				CLANG_ENABLE_MODULES = YES;
				CLANG_ENABLE_OBJC_ARC = YES;
				CLANG_ENABLE_OBJC_WEAK = YES;
				CLANG_WARN_BLOCK_CAPTURE_AUTORELEASING = YES;
				CLANG_WARN_BOOL_CONVERSION = YES;
				CLANG_WARN_COMMA = YES;
				CLANG_WARN_CONSTANT_CONVERSION = YES;
				CLANG_WARN_DEPRECATED_OBJC_IMPLEMENTATIONS = YES;
				CLANG_WARN_DIRECT_OBJC_ISA_USAGE = YES_ERROR;
				CLANG_WARN_DOCUMENTATION_COMMENTS = YES;
				CLANG_WARN_EMPTY_BODY = YES;
				CLANG_WARN_ENUM_CONVERSION = YES;
				CLANG_WARN_INFINITE_RECURSION = YES;
				CLANG_WARN_INT_CONVERSION = YES;
				CLANG_WARN_NON_LITERAL_NULL_CONVERSION = YES;
				CLANG_WARN_OBJC_IMPLICIT_RETAIN_SELF = YES;
				CLANG_WARN_OBJC_LITERAL_CONVERSION = YES;
				CLANG_WARN_OBJC_ROOT_CLASS = YES_ERROR;
				CLANG_WARN_QUOTED_INCLUDE_IN_FRAMEWORK_HEADER = YES;
				CLANG_WARN_RANGE_LOOP_ANALYSIS = YES;
				CLANG_WARN_STRICT_PROTOTYPES = YES;
				CLANG_WARN_SUSPICIOUS_MOVE = YES;
				CLANG_WARN_UNGUARDED_AVAILABILITY = YES_AGGRESSIVE;
				CLANG_WARN_UNREACHABLE_CODE = YES;
				CLANG_WARN__DUPLICATE_METHOD_MATCH = YES;
				COPY_PHASE_STRIP = NO;
				DEBUG_INFORMATION_FORMAT = "dwarf-with-dsym";
				ENABLE_NS_ASSERTIONS = NO;
				ENABLE_STRICT_OBJC_MSGSEND = YES;
				ENABLE_USER_SCRIPT_SANDBOXING = YES;
				GCC_C_LANGUAGE_STANDARD = gnu17;
				GCC_NO_COMMON_BLOCKS = YES;
				GCC_WARN_64_TO_32_BIT_CONVERSION = YES;
				GCC_WARN_ABOUT_RETURN_TYPE = YES_ERROR;
				GCC_WARN_UNDECLARED_SELECTOR = YES;
				GCC_WARN_UNINITIALIZED_AUTOS = YES_AGGRESSIVE;
				GCC_WARN_UNUSED_FUNCTION = YES;
				GCC_WARN_UNUSED_VARIABLE = YES;
				IPHONEOS_DEPLOYMENT_TARGET = 17.4;
				LOCALIZATION_PREFERS_STRING_CATALOGS = YES;
				MTL_ENABLE_DEBUG_INFO = NO;
				MTL_FAST_MATH = YES;
				SDKROOT = iphoneos;
				SWIFT_COMPILATION_MODE = wholemodule;
				VALIDATE_PRODUCT = YES;
			};
			name = Release;
		};
		7F6D9A442BE0D3EA00159A02 /* Debug */ = {
			isa = XCBuildConfiguration;
			buildSettings = {
				ASSETCATALOG_COMPILER_APPICON_NAME = AppIcon;
				ASSETCATALOG_COMPILER_GLOBAL_ACCENT_COLOR_NAME = AccentColor;
				CODE_SIGN_STYLE = Automatic;
				CURRENT_PROJECT_VERSION = 1;
				DEVELOPMENT_ASSET_PATHS = "\"Hellth/Preview Content\"";
				DEVELOPMENT_TEAM = TU8YV9MV8Q;
				ENABLE_PREVIEWS = YES;
				GENERATE_INFOPLIST_FILE = YES;
				INFOPLIST_KEY_UIApplicationSceneManifest_Generation = YES;
				INFOPLIST_KEY_UIApplicationSupportsIndirectInputEvents = YES;
				INFOPLIST_KEY_UILaunchScreen_Generation = YES;
				INFOPLIST_KEY_UISupportedInterfaceOrientations_iPad = "UIInterfaceOrientationPortrait UIInterfaceOrientationPortraitUpsideDown UIInterfaceOrientationLandscapeLeft UIInterfaceOrientationLandscapeRight";
				INFOPLIST_KEY_UISupportedInterfaceOrientations_iPhone = "UIInterfaceOrientationPortrait UIInterfaceOrientationLandscapeLeft UIInterfaceOrientationLandscapeRight";
				LD_RUNPATH_SEARCH_PATHS = (
					"$(inherited)",
					"@executable_path/Frameworks",
				);
				MARKETING_VERSION = 1.0;
				PRODUCT_BUNDLE_IDENTIFIER = ko.co.Hellth;
				PRODUCT_NAME = "$(TARGET_NAME)";
				SWIFT_EMIT_LOC_STRINGS = YES;
				SWIFT_VERSION = 5.0;
				TARGETED_DEVICE_FAMILY = "1,2";
			};
			name = Debug;
		};
		7F6D9A452BE0D3EA00159A02 /* Release */ = {
			isa = XCBuildConfiguration;
			buildSettings = {
				ASSETCATALOG_COMPILER_APPICON_NAME = AppIcon;
				ASSETCATALOG_COMPILER_GLOBAL_ACCENT_COLOR_NAME = AccentColor;
				CODE_SIGN_STYLE = Automatic;
				CURRENT_PROJECT_VERSION = 1;
				DEVELOPMENT_ASSET_PATHS = "\"Hellth/Preview Content\"";
				DEVELOPMENT_TEAM = TU8YV9MV8Q;
				ENABLE_PREVIEWS = YES;
				GENERATE_INFOPLIST_FILE = YES;
				INFOPLIST_KEY_UIApplicationSceneManifest_Generation = YES;
				INFOPLIST_KEY_UIApplicationSupportsIndirectInputEvents = YES;
				INFOPLIST_KEY_UILaunchScreen_Generation = YES;
				INFOPLIST_KEY_UISupportedInterfaceOrientations_iPad = "UIInterfaceOrientationPortrait UIInterfaceOrientationPortraitUpsideDown UIInterfaceOrientationLandscapeLeft UIInterfaceOrientationLandscapeRight";
				INFOPLIST_KEY_UISupportedInterfaceOrientations_iPhone = "UIInterfaceOrientationPortrait UIInterfaceOrientationLandscapeLeft UIInterfaceOrientationLandscapeRight";
				LD_RUNPATH_SEARCH_PATHS = (
					"$(inherited)",
					"@executable_path/Frameworks",
				);
				MARKETING_VERSION = 1.0;
				PRODUCT_BUNDLE_IDENTIFIER = ko.co.Hellth;
				PRODUCT_NAME = "$(TARGET_NAME)";
				SWIFT_EMIT_LOC_STRINGS = YES;
				SWIFT_VERSION = 5.0;
				TARGETED_DEVICE_FAMILY = "1,2";
			};
			name = Release;
		};
/* End XCBuildConfiguration section */

/* Begin XCConfigurationList section */
		7F6D9A302BE0D3E800159A02 /* Build configuration list for PBXProject "Hellth" */ = {
			isa = XCConfigurationList;
			buildConfigurations = (
				7F6D9A412BE0D3EA00159A02 /* Debug */,
				7F6D9A422BE0D3EA00159A02 /* Release */,
			);
			defaultConfigurationIsVisible = 0;
			defaultConfigurationName = Release;
		};
		7F6D9A432BE0D3EA00159A02 /* Build configuration list for PBXNativeTarget "Hellth" */ = {
			isa = XCConfigurationList;
			buildConfigurations = (
				7F6D9A442BE0D3EA00159A02 /* Debug */,
				7F6D9A452BE0D3EA00159A02 /* Release */,
			);
			defaultConfigurationIsVisible = 0;
			defaultConfigurationName = Release;
		};
/* End XCConfigurationList section */
	};
	rootObject = 7F6D9A2D2BE0D3E800159A02 /* Project object */;
}
