// !$*UTF8*$!
{
	archiveVersion = 1;
	classes = {
	};
	objectVersion = 63;
	objects = {

/* Begin PBXBuildFile section */
		3C19CA822BEB0E0C000B4DF8 /* GoogleService-Info.plist in Resources */ = {isa = PBXBuildFile; fileRef = 7FEA0EE52BEA293B0066B76F /* GoogleService-Info.plist */; };
		3CBEC1652BEAA1110025A596 /* FastingManager.swift in Sources */ = {isa = PBXBuildFile; fileRef = 3CBEC1642BEAA1110025A596 /* FastingManager.swift */; };
		3CDB92CD2BEEA6890039D523 /* FastingRecords.swift in Sources */ = {isa = PBXBuildFile; fileRef = 3CDB92CC2BEEA6890039D523 /* FastingRecords.swift */; };
		58972B6D2BEA63E4005DA53B /* PostsListView.swift in Sources */ = {isa = PBXBuildFile; fileRef = 58972B6C2BEA63E4005DA53B /* PostsListView.swift */; };
		58972B6F2BEA63FD005DA53B /* PostSummaryView.swift in Sources */ = {isa = PBXBuildFile; fileRef = 58972B6E2BEA63FD005DA53B /* PostSummaryView.swift */; };
		58972B712BEA6408005DA53B /* PostDetailView.swift in Sources */ = {isa = PBXBuildFile; fileRef = 58972B702BEA6408005DA53B /* PostDetailView.swift */; };
		58972B732BEA6418005DA53B /* AddPostView.swift in Sources */ = {isa = PBXBuildFile; fileRef = 58972B722BEA6418005DA53B /* AddPostView.swift */; };
		58972B752BEA6427005DA53B /* CommentView.swift in Sources */ = {isa = PBXBuildFile; fileRef = 58972B742BEA6427005DA53B /* CommentView.swift */; };
		58972B772BEA64CE005DA53B /* Post.swift in Sources */ = {isa = PBXBuildFile; fileRef = 58972B762BEA64CE005DA53B /* Post.swift */; };
		58972B792BEA6506005DA53B /* PostsService.swift in Sources */ = {isa = PBXBuildFile; fileRef = 58972B782BEA6506005DA53B /* PostsService.swift */; };
		58972B7B2BEA6528005DA53B /* Comment.swift in Sources */ = {isa = PBXBuildFile; fileRef = 58972B7A2BEA6528005DA53B /* Comment.swift */; };
		58972B7D2BEA6549005DA53B /* CommentService.swift in Sources */ = {isa = PBXBuildFile; fileRef = 58972B7C2BEA6549005DA53B /* CommentService.swift */; };
		7F6D9A392BE0D3E800159A02 /* HellthApp.swift in Sources */ = {isa = PBXBuildFile; fileRef = 7F6D9A382BE0D3E800159A02 /* HellthApp.swift */; };
		7F6D9A3B2BE0D3E800159A02 /* ContentView.swift in Sources */ = {isa = PBXBuildFile; fileRef = 7F6D9A3A2BE0D3E800159A02 /* ContentView.swift */; };
		7F6D9A3D2BE0D3EA00159A02 /* Assets.xcassets in Resources */ = {isa = PBXBuildFile; fileRef = 7F6D9A3C2BE0D3EA00159A02 /* Assets.xcassets */; };
		7F6D9A402BE0D3EA00159A02 /* Preview Assets.xcassets in Resources */ = {isa = PBXBuildFile; fileRef = 7F6D9A3F2BE0D3EA00159A02 /* Preview Assets.xcassets */; };
		7FCC46CF2BE0F1C1005A2DAB /* HomeView.swift in Sources */ = {isa = PBXBuildFile; fileRef = 7FCC46CE2BE0F1C1005A2DAB /* HomeView.swift */; };
		7FEA0EBF2BEA26870066B76F /* CalorieInTakeManager.swift in Sources */ = {isa = PBXBuildFile; fileRef = 7FEA0EBE2BEA26870066B76F /* CalorieInTakeManager.swift */; };
		7FEA0EC12BEA26A80066B76F /* CalorieNutrientsManager.swift in Sources */ = {isa = PBXBuildFile; fileRef = 7FEA0EC02BEA26A80066B76F /* CalorieNutrientsManager.swift */; };
		7FEA0EC32BEA26B80066B76F /* Extensions.swift in Sources */ = {isa = PBXBuildFile; fileRef = 7FEA0EC22BEA26B80066B76F /* Extensions.swift */; };
		7FEA0EC52BEA26C00066B76F /* FoodManager.swift in Sources */ = {isa = PBXBuildFile; fileRef = 7FEA0EC42BEA26C00066B76F /* FoodManager.swift */; };
		7FEA0EC72BEA26CA0066B76F /* Model.swift in Sources */ = {isa = PBXBuildFile; fileRef = 7FEA0EC62BEA26CA0066B76F /* Model.swift */; };
		7FEA0EC92BEA270B0066B76F /* FoodList.swift in Sources */ = {isa = PBXBuildFile; fileRef = 7FEA0EC82BEA270B0066B76F /* FoodList.swift */; };
		7FEA0ECB2BEA27130066B76F /* FoodRow.swift in Sources */ = {isa = PBXBuildFile; fileRef = 7FEA0ECA2BEA27130066B76F /* FoodRow.swift */; };
		7FEA0ECD2BEA271E0066B76F /* TotalCalorieSettingView.swift in Sources */ = {isa = PBXBuildFile; fileRef = 7FEA0ECC2BEA271E0066B76F /* TotalCalorieSettingView.swift */; };
		7FEA0ECF2BEA272B0066B76F /* CalorieNutrientView.swift in Sources */ = {isa = PBXBuildFile; fileRef = 7FEA0ECE2BEA272B0066B76F /* CalorieNutrientView.swift */; };
		7FEA0ED12BEA27370066B76F /* CalorieCircleView.swift in Sources */ = {isa = PBXBuildFile; fileRef = 7FEA0ED02BEA27370066B76F /* CalorieCircleView.swift */; };
		7FEA0ED32BEA27420066B76F /* AddCalorieView.swift in Sources */ = {isa = PBXBuildFile; fileRef = 7FEA0ED22BEA27420066B76F /* AddCalorieView.swift */; };
		7FEA0ED72BEA27AD0066B76F /* FastingEndView.swift in Sources */ = {isa = PBXBuildFile; fileRef = 7FEA0ED62BEA27AD0066B76F /* FastingEndView.swift */; };
		7FEA0ED92BEA27B80066B76F /* FastingSettingView.swift in Sources */ = {isa = PBXBuildFile; fileRef = 7FEA0ED82BEA27B80066B76F /* FastingSettingView.swift */; };
		7FEA0EDB2BEA27C40066B76F /* TimerActionView.swift in Sources */ = {isa = PBXBuildFile; fileRef = 7FEA0EDA2BEA27C40066B76F /* TimerActionView.swift */; };
		7FEA0EDD2BEA27CE0066B76F /* TimerView.swift in Sources */ = {isa = PBXBuildFile; fileRef = 7FEA0EDC2BEA27CE0066B76F /* TimerView.swift */; };
		7FEA0EE02BEA28B70066B76F /* FirebaseAuth in Frameworks */ = {isa = PBXBuildFile; productRef = 7FEA0EDF2BEA28B70066B76F /* FirebaseAuth */; };
		7FEA0EE22BEA28B70066B76F /* FirebaseFirestore in Frameworks */ = {isa = PBXBuildFile; productRef = 7FEA0EE12BEA28B70066B76F /* FirebaseFirestore */; };
		7FEA0EE42BEA28B70066B76F /* FirebaseFirestoreSwift in Frameworks */ = {isa = PBXBuildFile; productRef = 7FEA0EE32BEA28B70066B76F /* FirebaseFirestoreSwift */; };
/* End PBXBuildFile section */

/* Begin PBXFileReference section */
		3CBEC1642BEAA1110025A596 /* FastingManager.swift */ = {isa = PBXFileReference; lastKnownFileType = sourcecode.swift; path = FastingManager.swift; sourceTree = "<group>"; };
		3CDB92CC2BEEA6890039D523 /* FastingRecords.swift */ = {isa = PBXFileReference; lastKnownFileType = sourcecode.swift; path = FastingRecords.swift; sourceTree = "<group>"; };
		58972B6C2BEA63E4005DA53B /* PostsListView.swift */ = {isa = PBXFileReference; lastKnownFileType = sourcecode.swift; path = PostsListView.swift; sourceTree = "<group>"; };
		58972B6E2BEA63FD005DA53B /* PostSummaryView.swift */ = {isa = PBXFileReference; lastKnownFileType = sourcecode.swift; path = PostSummaryView.swift; sourceTree = "<group>"; };
		58972B702BEA6408005DA53B /* PostDetailView.swift */ = {isa = PBXFileReference; lastKnownFileType = sourcecode.swift; path = PostDetailView.swift; sourceTree = "<group>"; };
		58972B722BEA6418005DA53B /* AddPostView.swift */ = {isa = PBXFileReference; lastKnownFileType = sourcecode.swift; path = AddPostView.swift; sourceTree = "<group>"; };
		58972B742BEA6427005DA53B /* CommentView.swift */ = {isa = PBXFileReference; lastKnownFileType = sourcecode.swift; path = CommentView.swift; sourceTree = "<group>"; };
		58972B762BEA64CE005DA53B /* Post.swift */ = {isa = PBXFileReference; lastKnownFileType = sourcecode.swift; path = Post.swift; sourceTree = "<group>"; };
		58972B782BEA6506005DA53B /* PostsService.swift */ = {isa = PBXFileReference; lastKnownFileType = sourcecode.swift; path = PostsService.swift; sourceTree = "<group>"; };
		58972B7A2BEA6528005DA53B /* Comment.swift */ = {isa = PBXFileReference; lastKnownFileType = sourcecode.swift; path = Comment.swift; sourceTree = "<group>"; };
		58972B7C2BEA6549005DA53B /* CommentService.swift */ = {isa = PBXFileReference; lastKnownFileType = sourcecode.swift; path = CommentService.swift; sourceTree = "<group>"; };
		7F6D9A352BE0D3E800159A02 /* Hellth.app */ = {isa = PBXFileReference; explicitFileType = wrapper.application; includeInIndex = 0; path = Hellth.app; sourceTree = BUILT_PRODUCTS_DIR; };
		7F6D9A382BE0D3E800159A02 /* HellthApp.swift */ = {isa = PBXFileReference; lastKnownFileType = sourcecode.swift; path = HellthApp.swift; sourceTree = "<group>"; };
		7F6D9A3A2BE0D3E800159A02 /* ContentView.swift */ = {isa = PBXFileReference; lastKnownFileType = sourcecode.swift; path = ContentView.swift; sourceTree = "<group>"; };
		7F6D9A3C2BE0D3EA00159A02 /* Assets.xcassets */ = {isa = PBXFileReference; lastKnownFileType = folder.assetcatalog; path = Assets.xcassets; sourceTree = "<group>"; };
		7F6D9A3F2BE0D3EA00159A02 /* Preview Assets.xcassets */ = {isa = PBXFileReference; lastKnownFileType = folder.assetcatalog; path = "Preview Assets.xcassets"; sourceTree = "<group>"; };
		7FCC46CE2BE0F1C1005A2DAB /* HomeView.swift */ = {isa = PBXFileReference; lastKnownFileType = sourcecode.swift; path = HomeView.swift; sourceTree = "<group>"; };
		7FEA0EBE2BEA26870066B76F /* CalorieInTakeManager.swift */ = {isa = PBXFileReference; lastKnownFileType = sourcecode.swift; path = CalorieInTakeManager.swift; sourceTree = "<group>"; };
		7FEA0EC02BEA26A80066B76F /* CalorieNutrientsManager.swift */ = {isa = PBXFileReference; lastKnownFileType = sourcecode.swift; path = CalorieNutrientsManager.swift; sourceTree = "<group>"; };
		7FEA0EC22BEA26B80066B76F /* Extensions.swift */ = {isa = PBXFileReference; lastKnownFileType = sourcecode.swift; path = Extensions.swift; sourceTree = "<group>"; };
		7FEA0EC42BEA26C00066B76F /* FoodManager.swift */ = {isa = PBXFileReference; lastKnownFileType = sourcecode.swift; path = FoodManager.swift; sourceTree = "<group>"; };
		7FEA0EC62BEA26CA0066B76F /* Model.swift */ = {isa = PBXFileReference; lastKnownFileType = sourcecode.swift; path = Model.swift; sourceTree = "<group>"; };
		7FEA0EC82BEA270B0066B76F /* FoodList.swift */ = {isa = PBXFileReference; lastKnownFileType = sourcecode.swift; path = FoodList.swift; sourceTree = "<group>"; };
		7FEA0ECA2BEA27130066B76F /* FoodRow.swift */ = {isa = PBXFileReference; lastKnownFileType = sourcecode.swift; path = FoodRow.swift; sourceTree = "<group>"; };
		7FEA0ECC2BEA271E0066B76F /* TotalCalorieSettingView.swift */ = {isa = PBXFileReference; lastKnownFileType = sourcecode.swift; path = TotalCalorieSettingView.swift; sourceTree = "<group>"; };
		7FEA0ECE2BEA272B0066B76F /* CalorieNutrientView.swift */ = {isa = PBXFileReference; lastKnownFileType = sourcecode.swift; path = CalorieNutrientView.swift; sourceTree = "<group>"; };
		7FEA0ED02BEA27370066B76F /* CalorieCircleView.swift */ = {isa = PBXFileReference; lastKnownFileType = sourcecode.swift; path = CalorieCircleView.swift; sourceTree = "<group>"; };
		7FEA0ED22BEA27420066B76F /* AddCalorieView.swift */ = {isa = PBXFileReference; lastKnownFileType = sourcecode.swift; path = AddCalorieView.swift; sourceTree = "<group>"; };
		7FEA0ED62BEA27AD0066B76F /* FastingEndView.swift */ = {isa = PBXFileReference; lastKnownFileType = sourcecode.swift; path = FastingEndView.swift; sourceTree = "<group>"; };
		7FEA0ED82BEA27B80066B76F /* FastingSettingView.swift */ = {isa = PBXFileReference; lastKnownFileType = sourcecode.swift; path = FastingSettingView.swift; sourceTree = "<group>"; };
		7FEA0EDA2BEA27C40066B76F /* TimerActionView.swift */ = {isa = PBXFileReference; lastKnownFileType = sourcecode.swift; path = TimerActionView.swift; sourceTree = "<group>"; };
		7FEA0EDC2BEA27CE0066B76F /* TimerView.swift */ = {isa = PBXFileReference; lastKnownFileType = sourcecode.swift; path = TimerView.swift; sourceTree = "<group>"; };
		7FEA0EE52BEA293B0066B76F /* GoogleService-Info.plist */ = {isa = PBXFileReference; fileEncoding = 4; lastKnownFileType = text.plist.xml; path = "GoogleService-Info.plist"; sourceTree = "<group>"; };
/* End PBXFileReference section */

/* Begin PBXFrameworksBuildPhase section */
		7F6D9A322BE0D3E800159A02 /* Frameworks */ = {
			isa = PBXFrameworksBuildPhase;
			buildActionMask = 2147483647;
			files = (
				7FEA0EE02BEA28B70066B76F /* FirebaseAuth in Frameworks */,
				7FEA0EE22BEA28B70066B76F /* FirebaseFirestore in Frameworks */,
				7FEA0EE42BEA28B70066B76F /* FirebaseFirestoreSwift in Frameworks */,
			);
			runOnlyForDeploymentPostprocessing = 0;
		};
/* End PBXFrameworksBuildPhase section */

/* Begin PBXGroup section */
		58972B692BEA6132005DA53B /* Community */ = {
			isa = PBXGroup;
			children = (
				58972B6B2BEA6373005DA53B /* Views */,
				58972B6A2BEA6365005DA53B /* Models */,
			);
			path = Community;
			sourceTree = "<group>";
		};
		58972B6A2BEA6365005DA53B /* Models */ = {
			isa = PBXGroup;
			children = (
				58972B762BEA64CE005DA53B /* Post.swift */,
				58972B782BEA6506005DA53B /* PostsService.swift */,
				58972B7A2BEA6528005DA53B /* Comment.swift */,
				58972B7C2BEA6549005DA53B /* CommentService.swift */,
			);
			path = Models;
			sourceTree = "<group>";
		};
		58972B6B2BEA6373005DA53B /* Views */ = {
			isa = PBXGroup;
			children = (
				58972B6C2BEA63E4005DA53B /* PostsListView.swift */,
				58972B6E2BEA63FD005DA53B /* PostSummaryView.swift */,
				58972B702BEA6408005DA53B /* PostDetailView.swift */,
				58972B722BEA6418005DA53B /* AddPostView.swift */,
				58972B742BEA6427005DA53B /* CommentView.swift */,
			);
			path = Views;
			sourceTree = "<group>";
		};
		7F6D9A2C2BE0D3E800159A02 = {
			isa = PBXGroup;
			children = (
				7F6D9A372BE0D3E800159A02 /* Hellth */,
				7F6D9A362BE0D3E800159A02 /* Products */,
			);
			sourceTree = "<group>";
		};
		7F6D9A362BE0D3E800159A02 /* Products */ = {
			isa = PBXGroup;
			children = (
				7F6D9A352BE0D3E800159A02 /* Hellth.app */,
			);
			name = Products;
			sourceTree = "<group>";
		};
		7F6D9A372BE0D3E800159A02 /* Hellth */ = {
			isa = PBXGroup;
			children = (
				58972B692BEA6132005DA53B /* Community */,
				7F6D9A382BE0D3E800159A02 /* HellthApp.swift */,
				7F6D9A3A2BE0D3E800159A02 /* ContentView.swift */,
				7FCC46CB2BE0F156005A2DAB /* Home */,
				7FEA0ED42BEA27810066B76F /* Timer */,
				7F6D9A3C2BE0D3EA00159A02 /* Assets.xcassets */,
				7F6D9A3E2BE0D3EA00159A02 /* Preview Content */,
				7FEA0EE52BEA293B0066B76F /* GoogleService-Info.plist */,
			);
			path = Hellth;
			sourceTree = "<group>";
		};
		7F6D9A3E2BE0D3EA00159A02 /* Preview Content */ = {
			isa = PBXGroup;
			children = (
				7F6D9A3F2BE0D3EA00159A02 /* Preview Assets.xcassets */,
			);
			path = "Preview Content";
			sourceTree = "<group>";
		};
		7FCC46CB2BE0F156005A2DAB /* Home */ = {
			isa = PBXGroup;
			children = (
				7FEA0EBD2BEA26510066B76F /* Managers */,
				7FCC46CC2BE0F16C005A2DAB /* Views */,
			);
			path = Home;
			sourceTree = "<group>";
		};
		7FCC46CC2BE0F16C005A2DAB /* Views */ = {
			isa = PBXGroup;
			children = (
				7FCC46CE2BE0F1C1005A2DAB /* HomeView.swift */,
				7FEA0EC82BEA270B0066B76F /* FoodList.swift */,
				7FEA0ECA2BEA27130066B76F /* FoodRow.swift */,
				7FEA0ECC2BEA271E0066B76F /* TotalCalorieSettingView.swift */,
				7FEA0ECE2BEA272B0066B76F /* CalorieNutrientView.swift */,
				7FEA0ED02BEA27370066B76F /* CalorieCircleView.swift */,
				7FEA0ED22BEA27420066B76F /* AddCalorieView.swift */,
			);
			path = Views;
			sourceTree = "<group>";
		};
		7FEA0EBD2BEA26510066B76F /* Managers */ = {
			isa = PBXGroup;
			children = (
				7FEA0EBE2BEA26870066B76F /* CalorieInTakeManager.swift */,
				7FEA0EC02BEA26A80066B76F /* CalorieNutrientsManager.swift */,
				7FEA0EC22BEA26B80066B76F /* Extensions.swift */,
				7FEA0EC42BEA26C00066B76F /* FoodManager.swift */,
				3CBEC1642BEAA1110025A596 /* FastingManager.swift */,
				7FEA0EC62BEA26CA0066B76F /* Model.swift */,
			);
			path = Managers;
			sourceTree = "<group>";
		};
		7FEA0ED42BEA27810066B76F /* Timer */ = {
			isa = PBXGroup;
			children = (
				7FEA0ED52BEA27930066B76F /* Views */,
			);
			path = Timer;
			sourceTree = "<group>";
		};
		7FEA0ED52BEA27930066B76F /* Views */ = {
			isa = PBXGroup;
			children = (
				7FEA0EDC2BEA27CE0066B76F /* TimerView.swift */,
				7FEA0ED82BEA27B80066B76F /* FastingSettingView.swift */,
				7FEA0EDA2BEA27C40066B76F /* TimerActionView.swift */,
				7FEA0ED62BEA27AD0066B76F /* FastingEndView.swift */,
				3CDB92CC2BEEA6890039D523 /* FastingRecords.swift */,
			);
			path = Views;
			sourceTree = "<group>";
		};
/* End PBXGroup section */

/* Begin PBXNativeTarget section */
		7F6D9A342BE0D3E800159A02 /* Hellth */ = {
			isa = PBXNativeTarget;
			buildConfigurationList = 7F6D9A432BE0D3EA00159A02 /* Build configuration list for PBXNativeTarget "Hellth" */;
			buildPhases = (
				7F6D9A312BE0D3E800159A02 /* Sources */,
				7F6D9A322BE0D3E800159A02 /* Frameworks */,
				7F6D9A332BE0D3E800159A02 /* Resources */,
			);
			buildRules = (
			);
			dependencies = (
			);
			name = Hellth;
			packageProductDependencies = (
				7FEA0EDF2BEA28B70066B76F /* FirebaseAuth */,
				7FEA0EE12BEA28B70066B76F /* FirebaseFirestore */,
				7FEA0EE32BEA28B70066B76F /* FirebaseFirestoreSwift */,
			);
			productName = Hellth;
			productReference = 7F6D9A352BE0D3E800159A02 /* Hellth.app */;
			productType = "com.apple.product-type.application";
		};
/* End PBXNativeTarget section */

/* Begin PBXProject section */
		7F6D9A2D2BE0D3E800159A02 /* Project object */ = {
			isa = PBXProject;
			attributes = {
				BuildIndependentTargetsInParallel = 1;
				LastSwiftUpdateCheck = 1530;
				LastUpgradeCheck = 1530;
				TargetAttributes = {
					7F6D9A342BE0D3E800159A02 = {
						CreatedOnToolsVersion = 15.3;
					};
				};
			};
			buildConfigurationList = 7F6D9A302BE0D3E800159A02 /* Build configuration list for PBXProject "Hellth" */;
			compatibilityVersion = "Xcode 15.3";
			developmentRegion = en;
			hasScannedForEncodings = 0;
			knownRegions = (
				en,
				Base,
			);
			mainGroup = 7F6D9A2C2BE0D3E800159A02;
			packageReferences = (
				7FEA0EDE2BEA28B70066B76F /* XCRemoteSwiftPackageReference "firebase-ios-sdk" */,
			);
			productRefGroup = 7F6D9A362BE0D3E800159A02 /* Products */;
			projectDirPath = "";
			projectRoot = "";
			targets = (
				7F6D9A342BE0D3E800159A02 /* Hellth */,
			);
		};
/* End PBXProject section */

/* Begin PBXResourcesBuildPhase section */
		7F6D9A332BE0D3E800159A02 /* Resources */ = {
			isa = PBXResourcesBuildPhase;
			buildActionMask = 2147483647;
			files = (
				3C19CA822BEB0E0C000B4DF8 /* GoogleService-Info.plist in Resources */,
				7F6D9A402BE0D3EA00159A02 /* Preview Assets.xcassets in Resources */,
				7F6D9A3D2BE0D3EA00159A02 /* Assets.xcassets in Resources */,
			);
			runOnlyForDeploymentPostprocessing = 0;
		};
/* End PBXResourcesBuildPhase section */

/* Begin PBXSourcesBuildPhase section */
		7F6D9A312BE0D3E800159A02 /* Sources */ = {
			isa = PBXSourcesBuildPhase;
			buildActionMask = 2147483647;
			files = (
				7FEA0EDD2BEA27CE0066B76F /* TimerView.swift in Sources */,
				7FCC46CF2BE0F1C1005A2DAB /* HomeView.swift in Sources */,
				3CBEC1652BEAA1110025A596 /* FastingManager.swift in Sources */,
				7FEA0EC52BEA26C00066B76F /* FoodManager.swift in Sources */,
				58972B772BEA64CE005DA53B /* Post.swift in Sources */,
				58972B7D2BEA6549005DA53B /* CommentService.swift in Sources */,
				7FEA0ED32BEA27420066B76F /* AddCalorieView.swift in Sources */,
				58972B752BEA6427005DA53B /* CommentView.swift in Sources */,
				7FEA0EC32BEA26B80066B76F /* Extensions.swift in Sources */,
				7FEA0ECF2BEA272B0066B76F /* CalorieNutrientView.swift in Sources */,
				7FEA0EC92BEA270B0066B76F /* FoodList.swift in Sources */,
				7FEA0ED12BEA27370066B76F /* CalorieCircleView.swift in Sources */,
				7F6D9A3B2BE0D3E800159A02 /* ContentView.swift in Sources */,
				58972B6D2BEA63E4005DA53B /* PostsListView.swift in Sources */,
				7FEA0ED92BEA27B80066B76F /* FastingSettingView.swift in Sources */,
				58972B6F2BEA63FD005DA53B /* PostSummaryView.swift in Sources */,
				7F6D9A392BE0D3E800159A02 /* HellthApp.swift in Sources */,
				58972B792BEA6506005DA53B /* PostsService.swift in Sources */,
				7FEA0EBF2BEA26870066B76F /* CalorieInTakeManager.swift in Sources */,
				7FEA0EC12BEA26A80066B76F /* CalorieNutrientsManager.swift in Sources */,
				7FEA0ECB2BEA27130066B76F /* FoodRow.swift in Sources */,
				58972B732BEA6418005DA53B /* AddPostView.swift in Sources */,
				7FEA0EC72BEA26CA0066B76F /* Model.swift in Sources */,
				58972B7B2BEA6528005DA53B /* Comment.swift in Sources */,
				3CDB92CD2BEEA6890039D523 /* FastingRecords.swift in Sources */,
				7FEA0ED72BEA27AD0066B76F /* FastingEndView.swift in Sources */,
				58972B712BEA6408005DA53B /* PostDetailView.swift in Sources */,
				7FEA0EDB2BEA27C40066B76F /* TimerActionView.swift in Sources */,
				7FEA0ECD2BEA271E0066B76F /* TotalCalorieSettingView.swift in Sources */,
			);
			runOnlyForDeploymentPostprocessing = 0;
		};
/* End PBXSourcesBuildPhase section */

/* Begin XCBuildConfiguration section */
		7F6D9A412BE0D3EA00159A02 /* Debug */ = {
			isa = XCBuildConfiguration;
			buildSettings = {
				ALWAYS_SEARCH_USER_PATHS = NO;
				ASSETCATALOG_COMPILER_GENERATE_SWIFT_ASSET_SYMBOL_EXTENSIONS = YES;
				CLANG_ANALYZER_NONNULL = YES;
				CLANG_ANALYZER_NUMBER_OBJECT_CONVERSION = YES_AGGRESSIVE;
				CLANG_CXX_LANGUAGE_STANDARD = "gnu++20";
				CLANG_ENABLE_MODULES = YES;
				CLANG_ENABLE_OBJC_ARC = YES;
				CLANG_ENABLE_OBJC_WEAK = YES;
				CLANG_WARN_BLOCK_CAPTURE_AUTORELEASING = YES;
				CLANG_WARN_BOOL_CONVERSION = YES;
				CLANG_WARN_COMMA = YES;
				CLANG_WARN_CONSTANT_CONVERSION = YES;
				CLANG_WARN_DEPRECATED_OBJC_IMPLEMENTATIONS = YES;
				CLANG_WARN_DIRECT_OBJC_ISA_USAGE = YES_ERROR;
				CLANG_WARN_DOCUMENTATION_COMMENTS = YES;
				CLANG_WARN_EMPTY_BODY = YES;
				CLANG_WARN_ENUM_CONVERSION = YES;
				CLANG_WARN_INFINITE_RECURSION = YES;
				CLANG_WARN_INT_CONVERSION = YES;
				CLANG_WARN_NON_LITERAL_NULL_CONVERSION = YES;
				CLANG_WARN_OBJC_IMPLICIT_RETAIN_SELF = YES;
				CLANG_WARN_OBJC_LITERAL_CONVERSION = YES;
				CLANG_WARN_OBJC_ROOT_CLASS = YES_ERROR;
				CLANG_WARN_QUOTED_INCLUDE_IN_FRAMEWORK_HEADER = YES;
				CLANG_WARN_RANGE_LOOP_ANALYSIS = YES;
				CLANG_WARN_STRICT_PROTOTYPES = YES;
				CLANG_WARN_SUSPICIOUS_MOVE = YES;
				CLANG_WARN_UNGUARDED_AVAILABILITY = YES_AGGRESSIVE;
				CLANG_WARN_UNREACHABLE_CODE = YES;
				CLANG_WARN__DUPLICATE_METHOD_MATCH = YES;
				COPY_PHASE_STRIP = NO;
				DEBUG_INFORMATION_FORMAT = dwarf;
				ENABLE_STRICT_OBJC_MSGSEND = YES;
				ENABLE_TESTABILITY = YES;
				ENABLE_USER_SCRIPT_SANDBOXING = YES;
				GCC_C_LANGUAGE_STANDARD = gnu17;
				GCC_DYNAMIC_NO_PIC = NO;
				GCC_NO_COMMON_BLOCKS = YES;
				GCC_OPTIMIZATION_LEVEL = 0;
				GCC_PREPROCESSOR_DEFINITIONS = (
					"DEBUG=1",
					"$(inherited)",
				);
				GCC_WARN_64_TO_32_BIT_CONVERSION = YES;
				GCC_WARN_ABOUT_RETURN_TYPE = YES_ERROR;
				GCC_WARN_UNDECLARED_SELECTOR = YES;
				GCC_WARN_UNINITIALIZED_AUTOS = YES_AGGRESSIVE;
				GCC_WARN_UNUSED_FUNCTION = YES;
				GCC_WARN_UNUSED_VARIABLE = YES;
				IPHONEOS_DEPLOYMENT_TARGET = 17.4;
				LOCALIZATION_PREFERS_STRING_CATALOGS = YES;
				MTL_ENABLE_DEBUG_INFO = INCLUDE_SOURCE;
				MTL_FAST_MATH = YES;
				ONLY_ACTIVE_ARCH = YES;
				SDKROOT = iphoneos;
				SWIFT_ACTIVE_COMPILATION_CONDITIONS = "DEBUG $(inherited)";
				SWIFT_OPTIMIZATION_LEVEL = "-Onone";
			};
			name = Debug;
		};
		7F6D9A422BE0D3EA00159A02 /* Release */ = {
			isa = XCBuildConfiguration;
			buildSettings = {
				ALWAYS_SEARCH_USER_PATHS = NO;
				ASSETCATALOG_COMPILER_GENERATE_SWIFT_ASSET_SYMBOL_EXTENSIONS = YES;
				CLANG_ANALYZER_NONNULL = YES;
				CLANG_ANALYZER_NUMBER_OBJECT_CONVERSION = YES_AGGRESSIVE;
				CLANG_CXX_LANGUAGE_STANDARD = "gnu++20";
				CLANG_ENABLE_MODULES = YES;
				CLANG_ENABLE_OBJC_ARC = YES;
				CLANG_ENABLE_OBJC_WEAK = YES;
				CLANG_WARN_BLOCK_CAPTURE_AUTORELEASING = YES;
				CLANG_WARN_BOOL_CONVERSION = YES;
				CLANG_WARN_COMMA = YES;
				CLANG_WARN_CONSTANT_CONVERSION = YES;
				CLANG_WARN_DEPRECATED_OBJC_IMPLEMENTATIONS = YES;
				CLANG_WARN_DIRECT_OBJC_ISA_USAGE = YES_ERROR;
				CLANG_WARN_DOCUMENTATION_COMMENTS = YES;
				CLANG_WARN_EMPTY_BODY = YES;
				CLANG_WARN_ENUM_CONVERSION = YES;
				CLANG_WARN_INFINITE_RECURSION = YES;
				CLANG_WARN_INT_CONVERSION = YES;
				CLANG_WARN_NON_LITERAL_NULL_CONVERSION = YES;
				CLANG_WARN_OBJC_IMPLICIT_RETAIN_SELF = YES;
				CLANG_WARN_OBJC_LITERAL_CONVERSION = YES;
				CLANG_WARN_OBJC_ROOT_CLASS = YES_ERROR;
				CLANG_WARN_QUOTED_INCLUDE_IN_FRAMEWORK_HEADER = YES;
				CLANG_WARN_RANGE_LOOP_ANALYSIS = YES;
				CLANG_WARN_STRICT_PROTOTYPES = YES;
				CLANG_WARN_SUSPICIOUS_MOVE = YES;
				CLANG_WARN_UNGUARDED_AVAILABILITY = YES_AGGRESSIVE;
				CLANG_WARN_UNREACHABLE_CODE = YES;
				CLANG_WARN__DUPLICATE_METHOD_MATCH = YES;
				COPY_PHASE_STRIP = NO;
				DEBUG_INFORMATION_FORMAT = "dwarf-with-dsym";
				ENABLE_NS_ASSERTIONS = NO;
				ENABLE_STRICT_OBJC_MSGSEND = YES;
				ENABLE_USER_SCRIPT_SANDBOXING = YES;
				GCC_C_LANGUAGE_STANDARD = gnu17;
				GCC_NO_COMMON_BLOCKS = YES;
				GCC_WARN_64_TO_32_BIT_CONVERSION = YES;
				GCC_WARN_ABOUT_RETURN_TYPE = YES_ERROR;
				GCC_WARN_UNDECLARED_SELECTOR = YES;
				GCC_WARN_UNINITIALIZED_AUTOS = YES_AGGRESSIVE;
				GCC_WARN_UNUSED_FUNCTION = YES;
				GCC_WARN_UNUSED_VARIABLE = YES;
				IPHONEOS_DEPLOYMENT_TARGET = 17.4;
				LOCALIZATION_PREFERS_STRING_CATALOGS = YES;
				MTL_ENABLE_DEBUG_INFO = NO;
				MTL_FAST_MATH = YES;
				SDKROOT = iphoneos;
				SWIFT_COMPILATION_MODE = wholemodule;
				VALIDATE_PRODUCT = YES;
			};
			name = Release;
		};
		7F6D9A442BE0D3EA00159A02 /* Debug */ = {
			isa = XCBuildConfiguration;
			buildSettings = {
				ASSETCATALOG_COMPILER_APPICON_NAME = AppIcon;
				ASSETCATALOG_COMPILER_GLOBAL_ACCENT_COLOR_NAME = AccentColor;
				CODE_SIGN_STYLE = Automatic;
				CURRENT_PROJECT_VERSION = 1;
				DEVELOPMENT_ASSET_PATHS = "\"Hellth/Preview Content\"";
				DEVELOPMENT_TEAM = TU8YV9MV8Q;
				ENABLE_PREVIEWS = YES;
				GENERATE_INFOPLIST_FILE = YES;
				INFOPLIST_KEY_UIApplicationSceneManifest_Generation = YES;
				INFOPLIST_KEY_UIApplicationSupportsIndirectInputEvents = YES;
				INFOPLIST_KEY_UILaunchScreen_Generation = YES;
				INFOPLIST_KEY_UISupportedInterfaceOrientations_iPad = "UIInterfaceOrientationPortrait UIInterfaceOrientationPortraitUpsideDown UIInterfaceOrientationLandscapeLeft UIInterfaceOrientationLandscapeRight";
				INFOPLIST_KEY_UISupportedInterfaceOrientations_iPhone = "UIInterfaceOrientationPortrait UIInterfaceOrientationLandscapeLeft UIInterfaceOrientationLandscapeRight";
				LD_RUNPATH_SEARCH_PATHS = (
					"$(inherited)",
					"@executable_path/Frameworks",
				);
				MARKETING_VERSION = 1.0;
				PRODUCT_BUNDLE_IDENTIFIER = ko.co.Hellth;
				PRODUCT_NAME = "$(TARGET_NAME)";
				SWIFT_EMIT_LOC_STRINGS = YES;
				SWIFT_VERSION = 5.0;
				TARGETED_DEVICE_FAMILY = "1,2";
			};
			name = Debug;
		};
		7F6D9A452BE0D3EA00159A02 /* Release */ = {
			isa = XCBuildConfiguration;
			buildSettings = {
				ASSETCATALOG_COMPILER_APPICON_NAME = AppIcon;
				ASSETCATALOG_COMPILER_GLOBAL_ACCENT_COLOR_NAME = AccentColor;
				CODE_SIGN_STYLE = Automatic;
				CURRENT_PROJECT_VERSION = 1;
				DEVELOPMENT_ASSET_PATHS = "\"Hellth/Preview Content\"";
				DEVELOPMENT_TEAM = TU8YV9MV8Q;
				ENABLE_PREVIEWS = YES;
				GENERATE_INFOPLIST_FILE = YES;
				INFOPLIST_KEY_UIApplicationSceneManifest_Generation = YES;
				INFOPLIST_KEY_UIApplicationSupportsIndirectInputEvents = YES;
				INFOPLIST_KEY_UILaunchScreen_Generation = YES;
				INFOPLIST_KEY_UISupportedInterfaceOrientations_iPad = "UIInterfaceOrientationPortrait UIInterfaceOrientationPortraitUpsideDown UIInterfaceOrientationLandscapeLeft UIInterfaceOrientationLandscapeRight";
				INFOPLIST_KEY_UISupportedInterfaceOrientations_iPhone = "UIInterfaceOrientationPortrait UIInterfaceOrientationLandscapeLeft UIInterfaceOrientationLandscapeRight";
				LD_RUNPATH_SEARCH_PATHS = (
					"$(inherited)",
					"@executable_path/Frameworks",
				);
				MARKETING_VERSION = 1.0;
				PRODUCT_BUNDLE_IDENTIFIER = ko.co.Hellth;
				PRODUCT_NAME = "$(TARGET_NAME)";
				SWIFT_EMIT_LOC_STRINGS = YES;
				SWIFT_VERSION = 5.0;
				TARGETED_DEVICE_FAMILY = "1,2";
			};
			name = Release;
		};
/* End XCBuildConfiguration section */

/* Begin XCConfigurationList section */
		7F6D9A302BE0D3E800159A02 /* Build configuration list for PBXProject "Hellth" */ = {
			isa = XCConfigurationList;
			buildConfigurations = (
				7F6D9A412BE0D3EA00159A02 /* Debug */,
				7F6D9A422BE0D3EA00159A02 /* Release */,
			);
			defaultConfigurationIsVisible = 0;
			defaultConfigurationName = Release;
		};
		7F6D9A432BE0D3EA00159A02 /* Build configuration list for PBXNativeTarget "Hellth" */ = {
			isa = XCConfigurationList;
			buildConfigurations = (
				7F6D9A442BE0D3EA00159A02 /* Debug */,
				7F6D9A452BE0D3EA00159A02 /* Release */,
			);
			defaultConfigurationIsVisible = 0;
			defaultConfigurationName = Release;
		};
/* End XCConfigurationList section */

/* Begin XCRemoteSwiftPackageReference section */
		7FEA0EDE2BEA28B70066B76F /* XCRemoteSwiftPackageReference "firebase-ios-sdk" */ = {
			isa = XCRemoteSwiftPackageReference;
			repositoryURL = "https://github.com/firebase/firebase-ios-sdk.git";
			requirement = {
				kind = upToNextMajorVersion;
				minimumVersion = 10.25.0;
			};
		};
/* End XCRemoteSwiftPackageReference section */

/* Begin XCSwiftPackageProductDependency section */
		7FEA0EDF2BEA28B70066B76F /* FirebaseAuth */ = {
			isa = XCSwiftPackageProductDependency;
			package = 7FEA0EDE2BEA28B70066B76F /* XCRemoteSwiftPackageReference "firebase-ios-sdk" */;
			productName = FirebaseAuth;
		};
		7FEA0EE12BEA28B70066B76F /* FirebaseFirestore */ = {
			isa = XCSwiftPackageProductDependency;
			package = 7FEA0EDE2BEA28B70066B76F /* XCRemoteSwiftPackageReference "firebase-ios-sdk" */;
			productName = FirebaseFirestore;
		};
		7FEA0EE32BEA28B70066B76F /* FirebaseFirestoreSwift */ = {
			isa = XCSwiftPackageProductDependency;
			package = 7FEA0EDE2BEA28B70066B76F /* XCRemoteSwiftPackageReference "firebase-ios-sdk" */;
			productName = FirebaseFirestoreSwift;
		};
/* End XCSwiftPackageProductDependency section */
	};
	rootObject = 7F6D9A2D2BE0D3E800159A02 /* Project object */;
}
